
Microsoft Visual Studio Solution File, Format Version 12.00
# Visual Studio 14
VisualStudioVersion = 14.0.25123.0
MinimumVisualStudioVersion = 10.0.40219.1
Project("{FAE04EC0-301F-11D3-BF4B-00C04F79EFBC}") = "bikeroute", "bikeroute\bikeroute.csproj", "{48CD1144-241F-41CF-8E74-8865632C222C}"
EndProject
Global
	GlobalSection(SolutionConfigurationPlatforms) = preSolution
		Debug|Android = Debug|Android
		Debug|Any CPU = Debug|Any CPU
		Debug|iOS = Debug|iOS
		Debug|Windows Phone (Universal) = Debug|Windows Phone (Universal)
		Debug|Windows Phone 8 = Debug|Windows Phone 8
		Debug|Windows-AnyCPU = Debug|Windows-AnyCPU
		Debug|Windows-ARM = Debug|Windows-ARM
		Debug|Windows-x64 = Debug|Windows-x64
		Debug|Windows-x86 = Debug|Windows-x86
		Distribution|Android = Distribution|Android
		Distribution|Any CPU = Distribution|Any CPU
		Distribution|iOS = Distribution|iOS
		Distribution|Windows Phone (Universal) = Distribution|Windows Phone (Universal)
		Distribution|Windows Phone 8 = Distribution|Windows Phone 8
		Distribution|Windows-AnyCPU = Distribution|Windows-AnyCPU
		Distribution|Windows-ARM = Distribution|Windows-ARM
		Distribution|Windows-x64 = Distribution|Windows-x64
		Distribution|Windows-x86 = Distribution|Windows-x86
		Release|Android = Release|Android
		Release|Any CPU = Release|Any CPU
		Release|iOS = Release|iOS
		Release|Windows Phone (Universal) = Release|Windows Phone (Universal)
		Release|Windows Phone 8 = Release|Windows Phone 8
		Release|Windows-AnyCPU = Release|Windows-AnyCPU
		Release|Windows-ARM = Release|Windows-ARM
		Release|Windows-x64 = Release|Windows-x64
		Release|Windows-x86 = Release|Windows-x86
	EndGlobalSection
	GlobalSection(ProjectConfigurationPlatforms) = postSolution
		{48CD1144-241F-41CF-8E74-8865632C222C}.Debug|Android.ActiveCfg = Debug|Any CPU
		{48CD1144-241F-41CF-8E74-8865632C222C}.Debug|Android.Build.0 = Debug|Any CPU
		{48CD1144-241F-41CF-8E74-8865632C222C}.Debug|Any CPU.ActiveCfg = Debug|Any CPU
		{48CD1144-241F-41CF-8E74-8865632C222C}.Debug|Any CPU.Build.0 = Debug|Any CPU
		{48CD1144-241F-41CF-8E74-8865632C222C}.Debug|iOS.ActiveCfg = Debug|Any CPU
		{48CD1144-241F-41CF-8E74-8865632C222C}.Debug|iOS.Build.0 = Debug|Any CPU
		{48CD1144-241F-41CF-8E74-8865632C222C}.Debug|Windows Phone (Universal).ActiveCfg = Debug|Any CPU
		{48CD1144-241F-41CF-8E74-8865632C222C}.Debug|Windows Phone (Universal).Build.0 = Debug|Any CPU
		{48CD1144-241F-41CF-8E74-8865632C222C}.Debug|Windows Phone 8.ActiveCfg = Debug|Any CPU
		{48CD1144-241F-41CF-8E74-8865632C222C}.Debug|Windows Phone 8.Build.0 = Debug|Any CPU
		{48CD1144-241F-41CF-8E74-8865632C222C}.Debug|Windows-AnyCPU.ActiveCfg = Debug|Any CPU
		{48CD1144-241F-41CF-8E74-8865632C222C}.Debug|Windows-AnyCPU.Build.0 = Debug|Any CPU
		{48CD1144-241F-41CF-8E74-8865632C222C}.Debug|Windows-ARM.ActiveCfg = Debug|Any CPU
		{48CD1144-241F-41CF-8E74-8865632C222C}.Debug|Windows-ARM.Build.0 = Debug|Any CPU
		{48CD1144-241F-41CF-8E74-8865632C222C}.Debug|Windows-x64.ActiveCfg = Debug|Any CPU
		{48CD1144-241F-41CF-8E74-8865632C222C}.Debug|Windows-x64.Build.0 = Debug|Any CPU
		{48CD1144-241F-41CF-8E74-8865632C222C}.Debug|Windows-x86.ActiveCfg = Debug|Any CPU
		{48CD1144-241F-41CF-8E74-8865632C222C}.Debug|Windows-x86.Build.0 = Debug|Any CPU
		{48CD1144-241F-41CF-8E74-8865632C222C}.Distribution|Android.ActiveCfg = Debug|Any CPU
		{48CD1144-241F-41CF-8E74-8865632C222C}.Distribution|Android.Build.0 = Debug|Any CPU
		{48CD1144-241F-41CF-8E74-8865632C222C}.Distribution|Any CPU.ActiveCfg = Debug|Any CPU
		{48CD1144-241F-41CF-8E74-8865632C222C}.Distribution|Any CPU.Build.0 = Debug|Any CPU
		{48CD1144-241F-41CF-8E74-8865632C222C}.Distribution|iOS.ActiveCfg = Debug|Any CPU
		{48CD1144-241F-41CF-8E74-8865632C222C}.Distribution|iOS.Build.0 = Debug|Any CPU
		{48CD1144-241F-41CF-8E74-8865632C222C}.Distribution|Windows Phone (Universal).ActiveCfg = Debug|Any CPU
		{48CD1144-241F-41CF-8E74-8865632C222C}.Distribution|Windows Phone (Universal).Build.0 = Debug|Any CPU
		{48CD1144-241F-41CF-8E74-8865632C222C}.Distribution|Windows Phone 8.ActiveCfg = Debug|Any CPU
		{48CD1144-241F-41CF-8E74-8865632C222C}.Distribution|Windows Phone 8.Build.0 = Debug|Any CPU
		{48CD1144-241F-41CF-8E74-8865632C222C}.Distribution|Windows-AnyCPU.ActiveCfg = Debug|Any CPU
		{48CD1144-241F-41CF-8E74-8865632C222C}.Distribution|Windows-AnyCPU.Build.0 = Debug|Any CPU
		{48CD1144-241F-41CF-8E74-8865632C222C}.Distribution|Windows-ARM.ActiveCfg = Debug|Any CPU
		{48CD1144-241F-41CF-8E74-8865632C222C}.Distribution|Windows-ARM.Build.0 = Debug|Any CPU
		{48CD1144-241F-41CF-8E74-8865632C222C}.Distribution|Windows-x64.ActiveCfg = Debug|Any CPU
		{48CD1144-241F-41CF-8E74-8865632C222C}.Distribution|Windows-x64.Build.0 = Debug|Any CPU
		{48CD1144-241F-41CF-8E74-8865632C222C}.Distribution|Windows-x86.ActiveCfg = Debug|Any CPU
		{48CD1144-241F-41CF-8E74-8865632C222C}.Distribution|Windows-x86.Build.0 = Debug|Any CPU
		{48CD1144-241F-41CF-8E74-8865632C222C}.Release|Android.ActiveCfg = Release|Any CPU
		{48CD1144-241F-41CF-8E74-8865632C222C}.Release|Android.Build.0 = Release|Any CPU
		{48CD1144-241F-41CF-8E74-8865632C222C}.Release|Any CPU.ActiveCfg = Release|Any CPU
		{48CD1144-241F-41CF-8E74-8865632C222C}.Release|Any CPU.Build.0 = Release|Any CPU
		{48CD1144-241F-41CF-8E74-8865632C222C}.Release|iOS.ActiveCfg = Release|Any CPU
		{48CD1144-241F-41CF-8E74-8865632C222C}.Release|iOS.Build.0 = Release|Any CPU
		{48CD1144-241F-41CF-8E74-8865632C222C}.Release|Windows Phone (Universal).ActiveCfg = Release|Any CPU
		{48CD1144-241F-41CF-8E74-8865632C222C}.Release|Windows Phone (Universal).Build.0 = Release|Any CPU
		{48CD1144-241F-41CF-8E74-8865632C222C}.Release|Windows Phone 8.ActiveCfg = Release|Any CPU
		{48CD1144-241F-41CF-8E74-8865632C222C}.Release|Windows Phone 8.Build.0 = Release|Any CPU
		{48CD1144-241F-41CF-8E74-8865632C222C}.Release|Windows-AnyCPU.ActiveCfg = Release|Any CPU
		{48CD1144-241F-41CF-8E74-8865632C222C}.Release|Windows-AnyCPU.Build.0 = Release|Any CPU
		{48CD1144-241F-41CF-8E74-8865632C222C}.Release|Windows-ARM.ActiveCfg = Release|Any CPU
		{48CD1144-241F-41CF-8E74-8865632C222C}.Release|Windows-ARM.Build.0 = Release|Any CPU
		{48CD1144-241F-41CF-8E74-8865632C222C}.Release|Windows-x64.ActiveCfg = Release|Any CPU
		{48CD1144-241F-41CF-8E74-8865632C222C}.Release|Windows-x64.Build.0 = Release|Any CPU
		{48CD1144-241F-41CF-8E74-8865632C222C}.Release|Windows-x86.ActiveCfg = Release|Any CPU
		{48CD1144-241F-41CF-8E74-8865632C222C}.Release|Windows-x86.Build.0 = Release|Any CPU
	EndGlobalSection
	GlobalSection(SolutionProperties) = preSolution
		HideSolutionNode = FALSE
	EndGlobalSection
EndGlobal
